
Microsoft Visual Studio Solution File, Format Version 12.00
# Visual Studio 15
VisualStudioVersion = 15.0.27703.2035
MinimumVisualStudioVersion = 10.0.40219.1
Project("{FAE04EC0-301F-11D3-BF4B-00C04F79EFBC}") = "UI", "UI\UI.csproj", "{D0CFC109-FC73-4D7C-81E3-7A2C852B31C2}"
EndProject
Project("{FAE04EC0-301F-11D3-BF4B-00C04F79EFBC}") = "DAL", "DAL\DAL.csproj", "{4CA80E09-B61F-425B-8B64-E96B1711F713}"
EndProject
Project("{FAE04EC0-301F-11D3-BF4B-00C04F79EFBC}") = "Models", "Models\Models.csproj", "{66936832-B706-49FA-B12B-7447F6E8148A}"
EndProject
Project("{FAE04EC0-301F-11D3-BF4B-00C04F79EFBC}") = "Services", "Services\Services.csproj", "{9FF22C7D-1E71-49A3-89A7-BD8536C9507C}"
EndProject
Project("{FAE04EC0-301F-11D3-BF4B-00C04F79EFBC}") = "Interfaces", "Interfaces\Interfaces.csproj", "{37294027-F49E-41F5-B8E3-55F661315F27}"
EndProject
Project("{FAE04EC0-301F-11D3-BF4B-00C04F79EFBC}") = "Common", "Common\Common.csproj", "{08905387-A92A-4427-924D-95A36BFB03C8}"
EndProject
Project("{FAE04EC0-301F-11D3-BF4B-00C04F79EFBC}") = "PluginShared", "PluginShared\PluginShared.csproj", "{8708A786-390A-4AAE-AD51-D89224A6DAE5}"
EndProject
Project("{2150E333-8FDC-42A3-9474-1A3956D46DE8}") = "Plugins", "Plugins", "{364BD415-5271-418B-B837-875F0A3F829E}"
EndProject
Project("{FAE04EC0-301F-11D3-BF4B-00C04F79EFBC}") = "csvImporter", "csvImporter\csvImporter.csproj", "{6BD64698-6B18-4A62-9087-E2F019E37AC9}"
EndProject
Project("{FAE04EC0-301F-11D3-BF4B-00C04F79EFBC}") = "TxtImporter", "TxtImporter\TxtImporter.csproj", "{F6126684-F528-48D4-9AF7-18F7F69580ED}"
EndProject
Project("{2150E333-8FDC-42A3-9474-1A3956D46DE8}") = "Import", "Import", "{AA3FD1DA-7DFC-493A-8E1E-ED494389372C}"
EndProject
Project("{2150E333-8FDC-42A3-9474-1A3956D46DE8}") = "Export", "Export", "{DE059564-F702-44F9-A8A4-0BE466162C0B}"
EndProject
Project("{FAE04EC0-301F-11D3-BF4B-00C04F79EFBC}") = "TxtExporter", "TxtExporter\TxtExporter.csproj", "{A99B7D42-6153-494A-AB88-D1E133ED2831}"
EndProject
Project("{FAE04EC0-301F-11D3-BF4B-00C04F79EFBC}") = "XslxExporter", "XslxExporter\XslxExporter.csproj", "{B69F49AF-5D62-4835-944A-9259C2025F19}"
EndProject
Project("{FAE04EC0-301F-11D3-BF4B-00C04F79EFBC}") = "ConsoleUI", "ConsoleUI\ConsoleUI.csproj", "{B7D57818-BDF1-454A-8CAB-B2E7D73FA3F7}"
EndProject
Global
	GlobalSection(SolutionConfigurationPlatforms) = preSolution
		Debug|Any CPU = Debug|Any CPU
		Release|Any CPU = Release|Any CPU
	EndGlobalSection
	GlobalSection(ProjectConfigurationPlatforms) = postSolution
		{D0CFC109-FC73-4D7C-81E3-7A2C852B31C2}.Debug|Any CPU.ActiveCfg = Debug|Any CPU
		{D0CFC109-FC73-4D7C-81E3-7A2C852B31C2}.Debug|Any CPU.Build.0 = Debug|Any CPU
		{D0CFC109-FC73-4D7C-81E3-7A2C852B31C2}.Release|Any CPU.ActiveCfg = Release|Any CPU
		{D0CFC109-FC73-4D7C-81E3-7A2C852B31C2}.Release|Any CPU.Build.0 = Release|Any CPU
		{4CA80E09-B61F-425B-8B64-E96B1711F713}.Debug|Any CPU.ActiveCfg = Debug|Any CPU
		{4CA80E09-B61F-425B-8B64-E96B1711F713}.Debug|Any CPU.Build.0 = Debug|Any CPU
		{4CA80E09-B61F-425B-8B64-E96B1711F713}.Release|Any CPU.ActiveCfg = Release|Any CPU
		{4CA80E09-B61F-425B-8B64-E96B1711F713}.Release|Any CPU.Build.0 = Release|Any CPU
		{66936832-B706-49FA-B12B-7447F6E8148A}.Debug|Any CPU.ActiveCfg = Debug|Any CPU
		{66936832-B706-49FA-B12B-7447F6E8148A}.Debug|Any CPU.Build.0 = Debug|Any CPU
		{66936832-B706-49FA-B12B-7447F6E8148A}.Release|Any CPU.ActiveCfg = Release|Any CPU
		{66936832-B706-49FA-B12B-7447F6E8148A}.Release|Any CPU.Build.0 = Release|Any CPU
		{9FF22C7D-1E71-49A3-89A7-BD8536C9507C}.Debug|Any CPU.ActiveCfg = Debug|Any CPU
		{9FF22C7D-1E71-49A3-89A7-BD8536C9507C}.Debug|Any CPU.Build.0 = Debug|Any CPU
		{9FF22C7D-1E71-49A3-89A7-BD8536C9507C}.Release|Any CPU.ActiveCfg = Release|Any CPU
		{9FF22C7D-1E71-49A3-89A7-BD8536C9507C}.Release|Any CPU.Build.0 = Release|Any CPU
		{37294027-F49E-41F5-B8E3-55F661315F27}.Debug|Any CPU.ActiveCfg = Debug|Any CPU
		{37294027-F49E-41F5-B8E3-55F661315F27}.Debug|Any CPU.Build.0 = Debug|Any CPU
		{37294027-F49E-41F5-B8E3-55F661315F27}.Release|Any CPU.ActiveCfg = Release|Any CPU
		{37294027-F49E-41F5-B8E3-55F661315F27}.Release|Any CPU.Build.0 = Release|Any CPU
		{08905387-A92A-4427-924D-95A36BFB03C8}.Debug|Any CPU.ActiveCfg = Debug|Any CPU
		{08905387-A92A-4427-924D-95A36BFB03C8}.Debug|Any CPU.Build.0 = Debug|Any CPU
		{08905387-A92A-4427-924D-95A36BFB03C8}.Release|Any CPU.ActiveCfg = Release|Any CPU
		{08905387-A92A-4427-924D-95A36BFB03C8}.Release|Any CPU.Build.0 = Release|Any CPU
		{8708A786-390A-4AAE-AD51-D89224A6DAE5}.Debug|Any CPU.ActiveCfg = Debug|Any CPU
		{8708A786-390A-4AAE-AD51-D89224A6DAE5}.Debug|Any CPU.Build.0 = Debug|Any CPU
		{8708A786-390A-4AAE-AD51-D89224A6DAE5}.Release|Any CPU.ActiveCfg = Release|Any CPU
		{8708A786-390A-4AAE-AD51-D89224A6DAE5}.Release|Any CPU.Build.0 = Release|Any CPU
		{6BD64698-6B18-4A62-9087-E2F019E37AC9}.Debug|Any CPU.ActiveCfg = Debug|Any CPU
		{6BD64698-6B18-4A62-9087-E2F019E37AC9}.Debug|Any CPU.Build.0 = Debug|Any CPU
		{6BD64698-6B18-4A62-9087-E2F019E37AC9}.Release|Any CPU.ActiveCfg = Release|Any CPU
		{6BD64698-6B18-4A62-9087-E2F019E37AC9}.Release|Any CPU.Build.0 = Release|Any CPU
		{F6126684-F528-48D4-9AF7-18F7F69580ED}.Debug|Any CPU.ActiveCfg = Debug|Any CPU
		{F6126684-F528-48D4-9AF7-18F7F69580ED}.Debug|Any CPU.Build.0 = Debug|Any CPU
		{F6126684-F528-48D4-9AF7-18F7F69580ED}.Release|Any CPU.ActiveCfg = Release|Any CPU
		{F6126684-F528-48D4-9AF7-18F7F69580ED}.Release|Any CPU.Build.0 = Release|Any CPU
		{A99B7D42-6153-494A-AB88-D1E133ED2831}.Debug|Any CPU.ActiveCfg = Debug|Any CPU
		{A99B7D42-6153-494A-AB88-D1E133ED2831}.Debug|Any CPU.Build.0 = Debug|Any CPU
		{A99B7D42-6153-494A-AB88-D1E133ED2831}.Release|Any CPU.ActiveCfg = Release|Any CPU
		{A99B7D42-6153-494A-AB88-D1E133ED2831}.Release|Any CPU.Build.0 = Release|Any CPU
		{B69F49AF-5D62-4835-944A-9259C2025F19}.Debug|Any CPU.ActiveCfg = Debug|Any CPU
		{B69F49AF-5D62-4835-944A-9259C2025F19}.Debug|Any CPU.Build.0 = Debug|Any CPU
		{B69F49AF-5D62-4835-944A-9259C2025F19}.Release|Any CPU.ActiveCfg = Release|Any CPU
		{B69F49AF-5D62-4835-944A-9259C2025F19}.Release|Any CPU.Build.0 = Release|Any CPU
		{B7D57818-BDF1-454A-8CAB-B2E7D73FA3F7}.Debug|Any CPU.ActiveCfg = Debug|Any CPU
		{B7D57818-BDF1-454A-8CAB-B2E7D73FA3F7}.Debug|Any CPU.Build.0 = Debug|Any CPU
		{B7D57818-BDF1-454A-8CAB-B2E7D73FA3F7}.Release|Any CPU.ActiveCfg = Release|Any CPU
		{B7D57818-BDF1-454A-8CAB-B2E7D73FA3F7}.Release|Any CPU.Build.0 = Release|Any CPU
	EndGlobalSection
	GlobalSection(SolutionProperties) = preSolution
		HideSolutionNode = FALSE
	EndGlobalSection
	GlobalSection(NestedProjects) = preSolution
		{6BD64698-6B18-4A62-9087-E2F019E37AC9} = {AA3FD1DA-7DFC-493A-8E1E-ED494389372C}
		{F6126684-F528-48D4-9AF7-18F7F69580ED} = {AA3FD1DA-7DFC-493A-8E1E-ED494389372C}
		{AA3FD1DA-7DFC-493A-8E1E-ED494389372C} = {364BD415-5271-418B-B837-875F0A3F829E}
		{DE059564-F702-44F9-A8A4-0BE466162C0B} = {364BD415-5271-418B-B837-875F0A3F829E}
		{A99B7D42-6153-494A-AB88-D1E133ED2831} = {DE059564-F702-44F9-A8A4-0BE466162C0B}
		{B69F49AF-5D62-4835-944A-9259C2025F19} = {DE059564-F702-44F9-A8A4-0BE466162C0B}
	EndGlobalSection
	GlobalSection(ExtensibilityGlobals) = postSolution
		SolutionGuid = {4E8E5E39-5443-4F33-AD1C-2DE37EED3490}
	EndGlobalSection
EndGlobal
